{
    "version": 3,
    "terraform_version": "0.11.10",
    "serial": 6,
    "lineage": "c3773ba5-a1d6-970e-2b84-01b00fc441cc",
    "modules": [
        {
            "path": [
                "root"
            ],
            "outputs": {
                "ip": {
                    "sensitive": false,
                    "type": "string",
                    "value": "35.239.167.226"
                }
            },
            "resources": {
                "google_compute_firewall.http-server": {
                    "type": "google_compute_firewall",
                    "depends_on": [],
                    "primary": {
                        "id": "default-allow-http",
                        "attributes": {
                            "allow.#": "1",
                            "allow.272637744.ports.#": "1",
                            "allow.272637744.ports.0": "80",
                            "allow.272637744.protocol": "tcp",
                            "creation_timestamp": "2018-12-06T17:46:33.116-08:00",
                            "deny.#": "0",
                            "description": "",
                            "destination_ranges.#": "0",
                            "direction": "INGRESS",
                            "disabled": "false",
                            "enable_logging": "false",
                            "id": "default-allow-http",
                            "name": "default-allow-http",
                            "network": "https://www.googleapis.com/compute/v1/projects/talk-uniso-02/global/networks/default",
                            "priority": "1000",
                            "project": "talk-uniso-02",
                            "self_link": "https://www.googleapis.com/compute/v1/projects/talk-uniso-02/global/firewalls/default-allow-http",
                            "source_ranges.#": "1",
                            "source_ranges.1080289494": "0.0.0.0/0",
                            "source_service_accounts.#": "0",
                            "source_tags.#": "0",
                            "target_service_accounts.#": "0",
                            "target_tags.#": "1",
                            "target_tags.988335155": "http-server"
                        },
                        "meta": {
                            "e2bfb730-ecaa-11e6-8f88-34363bc7c4c0": {
                                "create": 240000000000,
                                "delete": 240000000000,
                                "update": 240000000000
                            },
                            "schema_version": "1"
                        },
                        "tainted": false
                    },
                    "deposed": [],
                    "provider": "provider.google"
                },
                "google_compute_instance.default": {
                    "type": "google_compute_instance",
                    "depends_on": [
                        "random_id.instance_id"
                    ],
                    "primary": {
                        "id": "vm-tf-bdf2d163627f",
                        "attributes": {
                            "attached_disk.#": "0",
                            "boot_disk.#": "1",
                            "boot_disk.0.auto_delete": "true",
                            "boot_disk.0.device_name": "persistent-disk-0",
                            "boot_disk.0.disk_encryption_key_raw": "",
                            "boot_disk.0.disk_encryption_key_sha256": "",
                            "boot_disk.0.initialize_params.#": "1",
                            "boot_disk.0.initialize_params.0.image": "https://www.googleapis.com/compute/v1/projects/debian-cloud/global/images/debian-9-stretch-v20181113",
                            "boot_disk.0.initialize_params.0.size": "10",
                            "boot_disk.0.initialize_params.0.type": "pd-standard",
                            "boot_disk.0.source": "https://www.googleapis.com/compute/v1/projects/talk-uniso-02/zones/us-central1-a/disks/vm-tf-bdf2d163627f",
                            "can_ip_forward": "false",
                            "cpu_platform": "Intel Sandy Bridge",
                            "create_timeout": "4",
                            "deletion_protection": "false",
                            "guest_accelerator.#": "0",
                            "id": "vm-tf-bdf2d163627f",
                            "instance_id": "3055473357570207253",
                            "label_fingerprint": "42WmSpB8rSM=",
                            "labels.%": "0",
                            "machine_type": "f1-micro",
                            "metadata.%": "0",
                            "metadata_fingerprint": "tFgP1U3Z1v4=",
                            "metadata_startup_script": "sudo apt-get update \u0026\u0026 sudo apt-get install apache2 -y \u0026\u0026 echo '\u003c!doctype html\u003e\u003chtml\u003e\u003cbody\u003e\u003ch1\u003eHello from Terraform on Google Cloud!\u003c/h1\u003e\u003c/body\u003e\u003c/html\u003e' | sudo tee /var/www/html/index.html",
                            "min_cpu_platform": "",
                            "name": "vm-tf-bdf2d163627f",
                            "network_interface.#": "1",
                            "network_interface.0.access_config.#": "1",
                            "network_interface.0.access_config.0.assigned_nat_ip": "35.239.167.226",
                            "network_interface.0.access_config.0.nat_ip": "35.239.167.226",
                            "network_interface.0.access_config.0.network_tier": "PREMIUM",
                            "network_interface.0.access_config.0.public_ptr_domain_name": "",
                            "network_interface.0.address": "10.128.0.5",
                            "network_interface.0.alias_ip_range.#": "0",
                            "network_interface.0.name": "nic0",
                            "network_interface.0.network": "https://www.googleapis.com/compute/v1/projects/talk-uniso-02/global/networks/default",
                            "network_interface.0.network_ip": "10.128.0.5",
                            "network_interface.0.subnetwork": "https://www.googleapis.com/compute/v1/projects/talk-uniso-02/regions/us-central1/subnetworks/default",
                            "network_interface.0.subnetwork_project": "talk-uniso-02",
                            "project": "talk-uniso-02",
                            "scheduling.#": "1",
                            "scheduling.0.automatic_restart": "false",
                            "scheduling.0.on_host_maintenance": "MIGRATE",
                            "scheduling.0.preemptible": "false",
                            "scratch_disk.#": "0",
                            "self_link": "https://www.googleapis.com/compute/v1/projects/talk-uniso-02/zones/us-central1-a/instances/vm-tf-bdf2d163627f",
                            "service_account.#": "0",
                            "tags.#": "1",
                            "tags.988335155": "http-server",
                            "tags_fingerprint": "FYLDgkTKlA4=",
                            "zone": "us-central1-a"
                        },
                        "meta": {
                            "e2bfb730-ecaa-11e6-8f88-34363bc7c4c0": {
                                "create": 360000000000,
                                "delete": 360000000000,
                                "update": 360000000000
                            },
                            "schema_version": "6"
                        },
                        "tainted": false
                    },
                    "deposed": [],
                    "provider": "provider.google"
                },
                "google_container_cluster.primary": {
                    "type": "google_container_cluster",
                    "depends_on": [
                        "random_id.instance_id"
                    ],
                    "primary": {
                        "id": "gke-tf-bdf2d163627f",
                        "attributes": {
                            "additional_zones.#": "0",
                            "addons_config.#": "1",
                            "addons_config.0.horizontal_pod_autoscaling.#": "1",
                            "addons_config.0.horizontal_pod_autoscaling.0.disabled": "true",
                            "addons_config.0.http_load_balancing.#": "1",
                            "addons_config.0.http_load_balancing.0.disabled": "true",
                            "addons_config.0.kubernetes_dashboard.#": "0",
                            "addons_config.0.network_policy_config.#": "1",
                            "addons_config.0.network_policy_config.0.disabled": "true",
                            "cluster_ipv4_cidr": "10.32.0.0/14",
                            "description": "",
                            "enable_binary_authorization": "false",
                            "enable_kubernetes_alpha": "false",
                            "enable_legacy_abac": "false",
                            "enable_tpu": "false",
                            "endpoint": "35.232.153.15",
                            "id": "gke-tf-bdf2d163627f",
                            "initial_node_count": "3",
                            "instance_group_urls.#": "1",
                            "instance_group_urls.0": "https://www.googleapis.com/compute/v1/projects/talk-uniso-02/zones/us-central1-a/instanceGroups/gke-gke-tf-bdf2d163627f-default-pool-030e0d5c-grp",
                            "ip_allocation_policy.#": "0",
                            "logging_service": "logging.googleapis.com",
                            "maintenance_policy.#": "0",
                            "master_auth.#": "1",
                            "master_auth.0.client_certificate": "LS0tLS1CRUdJTiBDRVJUSUZJQ0FURS0tLS0tCk1JSUMyekNDQWNPZ0F3SUJBZ0lSQU5kTlR4OWtpbjZxQUpyWGFKdm9uNGd3RFFZSktvWklodmNOQVFFTEJRQXcKTHpFdE1Dc0dBMVVFQXhNa01UQXhORE0wWWpVdFlUVXhZeTAwWldNekxUazNZVFl0TVRWbFlUbGlabVF6TUdOawpNQjRYRFRFNE1USXdOekF5TURJd00xb1hEVEl6TVRJd05qQXlNREl3TTFvd0VURVBNQTBHQTFVRUF4TUdZMnhwClpXNTBNSUlCSWpBTkJna3Foa2lHOXcwQkFRRUZBQU9DQVE4QU1JSUJDZ0tDQVFFQXhjbmlVYlAvMVhVOURFNEQKYTZnNjlxdUR0VEF1OEFSa2QzbFdVaDRadEFZcTFxMXg3bXBSZ2lHUU8yK1NzelpCWHNuMk1KQnVhbjlrR3VoWQprZmV4ZnJHc3BCd29mV3lUSjE5UlFmSXRQTGlIckFuUW5rYUwrZTdxQi9mcEVVYis1RGFzS2MyRkM1ZTZPR01nCklBNm1QbVNWdzU4QmVDa0RhZXpreWRacnhLNW1DTkhmbWl1aGxtamIrQWhzc2dwTTV2MUw3OTNOaytETkFYNEQKTU5hZ2tvWi9taG1BYklMcWNCUGVsMitIM25nclM1ZnN4V1RmOUl3S284RVdqRlloVU05d1pZd0pONVFmR0tEQwpCakNDT2lxSDY5UmVvYnRhOWlqUXdjQkxWRWdlRWtyZUZEQkVZUndyTVJaRHRxWUhYMEsxcUNEZU4rdmpUcXNtCktreldhUUlEQVFBQm94QXdEakFNQmdOVkhSTUJBZjhFQWpBQU1BMEdDU3FHU0liM0RRRUJDd1VBQTRJQkFRQmsKYU1GQUhJOFNqOHU0MmU4eFRtQnBnNHAwSGVHdmxpcTE2VnJYcWwvUloydmQrSTE2TGRnS2NLU21GNUFDcmhRYwprMjhLdUU5aVdzbFpQd0ExSmFXbUhUN2tHNlZPdjEvc1UrT3dzTFBDWUcyd2E1djdJaWRiMmxzTTJ5YytPVkVYCnJqdlZmb1dmOTllOG9rcUNIVHhCQjVkWW1vemk0cS80SzdQMXlUUUJ5QVVKcVlpcm44Z1EzRElZNkhHQ3FGY3EKeW42TzhXSEJ4TzFKcXJYUi95OGZ0ckVlc05FZGxXT0hyZTZzSjNuVG9yZVN0Z0JCbUU4RURkWG1OUVA3a0NsYQpKb0Q0NGxQRnRQdHFoTGczRkxNL25IczloNUJEUU0zb0FzdXlVOHRQdldBOTJ1T1ZDKzVKOXNqSDFoeHNnNldBCkZiVXBMSXBxMnFOQjloUTZKdUZ6Ci0tLS0tRU5EIENFUlRJRklDQVRFLS0tLS0K",
                            "master_auth.0.client_certificate_config.#": "0",
                            "master_auth.0.client_key": "LS0tLS1CRUdJTiBSU0EgUFJJVkFURSBLRVktLS0tLQpNSUlFb3dJQkFBS0NBUUVBeGNuaVViUC8xWFU5REU0RGE2ZzY5cXVEdFRBdThBUmtkM2xXVWg0WnRBWXExcTF4CjdtcFJnaUdRTzIrU3N6WkJYc24yTUpCdWFuOWtHdWhZa2ZleGZyR3NwQndvZld5VEoxOVJRZkl0UExpSHJBblEKbmthTCtlN3FCL2ZwRVViKzVEYXNLYzJGQzVlNk9HTWdJQTZtUG1TVnc1OEJlQ2tEYWV6a3lkWnJ4SzVtQ05IZgptaXVobG1qYitBaHNzZ3BNNXYxTDc5M05rK0ROQVg0RE1OYWdrb1ovbWhtQWJJTHFjQlBlbDIrSDNuZ3JTNWZzCnhXVGY5SXdLbzhFV2pGWWhVTTl3Wll3Sk41UWZHS0RDQmpDQ09pcUg2OVJlb2J0YTlpalF3Y0JMVkVnZUVrcmUKRkRCRVlSd3JNUlpEdHFZSFgwSzFxQ0RlTit2alRxc21La3pXYVFJREFRQUJBb0lCQUFWTWpvamUyRElFQlVIYgpvemJTclRCbnB2Y3g2OGdDdzNMNS9XaVBldVBQcmRKNDdNNVU2elhLZldsQ1BpZ1pWNFlEeGk5RjUxZG93MVNwCjQwUkI0bStyc0oyUytEaTlYSEh0R1ZSa0pIY2dnSU5lU0oyODg4b2JSRitOOGt0dXRLeUdQeUE5bG9kdTBMbEEKV3A5NzZsTk44WlNVb1g3eWU2OXVVOXVKS0VqKzBSUmpJd2xDOVBpbjhJWGZDVXN0Q2cxalVBL1Y0WTdQT1hFbwpQRjJsckQ2ZjB0d2NueE9ybmdzaFBSWGpRVHN2blRmZXhLakdxeHRDU1RXaTJoQURrU0xFVEV4NEVWcXkyNFFmCmM3Vnl6WXp4SkNJby80cm4vRm1rYjJaVUcySmxlU2RJQnZneEE1NEpuNVpFYXFDRUFnMGEvMG1sTlhWbEh6a3UKUU10dlFZRUNnWUVBN2hpVFhpRU5kVm41QThVdklmUzI4SXBwMG8zMGs0Qy9neFh1anRpRHhBTG8yY1dlSHdjdgowdmtIcGgvc0xCL3BTSG1DZ0NEbXRZY3hSSndMZWVoRXFYTzY2SG5JOUpmcFRIbnRaK0ZoVHoxeDZKWnBkMU5sCndsVjZOWXJjdm9vNUcralV3eitDaGtiTVNBM2QxS0l6cG5VSDQrVVV6SDgrKzJHa3JiOExkK0VDZ1lFQTFLbGcKMUJWZUdLaDh5MnVPWmxad2ozTmpuRTNmTk43OVlxYUZ4NTBjZUVHTjdaS245N2lyWGROeGtZNXRUUTB3NkdNNgpzanN0ZTVOSE4zbEJFSXdFUnB1SFVIcGwzZzVHS2xKQjhjbzk0cmFLRFgxeDJScTl6ajB1UmFvWURpK2cvc3UxCnlGK2FtUW11R3JRRituTXlhVTVqR1ppWWU4YUorRHhSeDQrVGo0a0NnWUVBMkJkRjZMQm0zcE1DQmdINGZRRDAKNStzM2ovbDJlRWpwaDdkb0JBMU55YUE2WlN1T0R1c2U1SU5RQmQ0REl5anpPT3ZQSFNxL09SR3lEV3J5bjNuRwpsMlNKeG1TQmxqd3BhVmRmdUdBOVNRV2pWRXp1KzNXZGJYcldwN0dZRnZhc1RrQkttY29TVkh2OCs0aGFSSm5SCjlzbFFsKzFacXgveHNZVTFTTnVUTlFFQ2dZQnRKdnJpSUkySmpvRnZUNmRwYzVpV3FKMUtEdFl3SnZ4YmRDbGEKU1pQaFRaUnhpa0xZYlZyWDc3MXMvbk92aHNQQm81enUrbHpmL3JvaENRV1NYcXViS2gwTCs2YnBrTjRHdnUzRwpFdzRzblpEQ1Y4N2xwa29oMzFrdXZKMVlPcTRoMmFGV1ZXdmVmUTkxK1V6UVBleDBESjNrOTJQY3RBMEE4c1R1Cjd3eklNUUtCZ0VVZEhBTEQvR3JReVNzbHIwbDdscVU5akVMQlRTRElIYkhvZEhoa1hrRG9pOFA5eGhXT3RiMkcKQm9ibjdKMGJTM3V4T3BBTTV5WE94UDRxZWdBcG9KdW5lNUI3QWtnNElVOXlGemJkRkkyNmNKMXR5Q1U0UTYwbgpzc3Fua1NDQTFYY2NDYU8rVjd0c1VYb2MycVovaHRXTmJDUTlIaW5maFhYNDNjdHFnaUJoCi0tLS0tRU5EIFJTQSBQUklWQVRFIEtFWS0tLS0tCg==",
                            "master_auth.0.cluster_ca_certificate": "LS0tLS1CRUdJTiBDRVJUSUZJQ0FURS0tLS0tCk1JSURDekNDQWZPZ0F3SUJBZ0lRT2ROQTIrMTJiREJKMnd2VUxPbEgyekFOQmdrcWhraUc5dzBCQVFzRkFEQXYKTVMwd0t3WURWUVFERXlReE1ERTBNelJpTlMxaE5URmpMVFJsWXpNdE9UZGhOaTB4TldWaE9XSm1aRE13WTJRdwpIaGNOTVRneE1qQTNNREV3TWpBeVdoY05Nak14TWpBMk1ESXdNakF5V2pBdk1TMHdLd1lEVlFRREV5UXhNREUwCk16UmlOUzFoTlRGakxUUmxZek10T1RkaE5pMHhOV1ZoT1dKbVpETXdZMlF3Z2dFaU1BMEdDU3FHU0liM0RRRUIKQVFVQUE0SUJEd0F3Z2dFS0FvSUJBUUR1ekh6QktkR1dRdHdJaFhDRjZjYnpKTW8zNDI1c2V6eXE4N05hZzhYTApaMG1XM2FkYi9mZXQ4S0d1Vk5nY1A0RDlxam5ZSitPcm5lQ3FGcDlaT1dMa0dCcmExRGl1Tm9BU1NHWjRKdFM5CmF6SGQ5bHp5QjU3UUlxS3BHeXhZZHZ0TUdrYTVndEZKa2haVXpXeWZhUkhucjl5d0U5VzJIbnBxTW91S3lMWHMKMDZRSml3a3ljM21kbGtnNHZwUWlDcE1MUmZrVWNad0daNllWOXN5NWU5VXd2VHZ2cEplWFd5TE4vUTFRQ3R1dQpJdUVSSWhqMEJROVRTeXBuY2JxV0IrS3MvclQwRlVWZzcxS0F5YUxBcExDd1ppWEZWaEFzSFdWcDJxUUdTOThCCllDU0paMi9tYkZvTXU3WjNzaVkwajJxeEVQSE9XU1JkNkhMWWY5VjFHWDVSQWdNQkFBR2pJekFoTUE0R0ExVWQKRHdFQi93UUVBd0lDQkRBUEJnTlZIUk1CQWY4RUJUQURBUUgvTUEwR0NTcUdTSWIzRFFFQkN3VUFBNElCQVFBYwp5MTZLWTZ2bjluZXZyOUlpYXVpOFRLQThoVm1lSEJZOTFtWklBRkZYZlZzUm1JTlEzNXMyak04aS9QMkZzOTBTCnYyZ1BJUEo3VHpVVGFISjM0eXpPR1hVRWp6b0RLdWwwbTVEVnNFcEpqajFlSHFZZHo3NllveGI5VWxLNVdmUFEKTzNabDVzNEo0YXdSQ3lWSXJLc2prTGxZdTFnSlpFRDgyNjVRd2NtbnNPVzVVV21CbTEzSDYyNGlwaGhXYnZrUwpLeFg2SDhkQ0ovdmFuR2dyMHNQS25PNU9hTDhBVFFPT2VWeElkRnh4NW9lNThxZ0lwenk4VnNFUmlDVFlKc3AxCjJTa3BJa1Raa3JlWTZ0aUZpUm9xL2prZ3Q1UnhnZ2dhYVpNNmNoMHZ0VG1LZUtNL251T2ZOMWlMRitkcUcxek0Kb09LaTB1eFM3MTA3YkxjWWxBbWEKLS0tLS1FTkQgQ0VSVElGSUNBVEUtLS0tLQo=",
                            "master_auth.0.password": "QMvwbsiWUrexIGFN",
                            "master_auth.0.username": "admin",
                            "master_authorized_networks_config.#": "0",
                            "master_ipv4_cidr_block": "",
                            "master_version": "1.9.7-gke.11",
                            "monitoring_service": "monitoring.googleapis.com",
                            "name": "gke-tf-bdf2d163627f",
                            "network": "projects/talk-uniso-02/global/networks/default",
                            "network_policy.#": "1",
                            "network_policy.0.enabled": "false",
                            "network_policy.0.provider": "PROVIDER_UNSPECIFIED",
                            "node_config.#": "1",
                            "node_config.0.disk_size_gb": "100",
                            "node_config.0.disk_type": "pd-standard",
                            "node_config.0.guest_accelerator.#": "0",
                            "node_config.0.image_type": "COS",
                            "node_config.0.labels.%": "0",
                            "node_config.0.local_ssd_count": "0",
                            "node_config.0.machine_type": "n1-standard-1",
                            "node_config.0.metadata.%": "0",
                            "node_config.0.min_cpu_platform": "",
                            "node_config.0.oauth_scopes.#": "6",
                            "node_config.0.oauth_scopes.1277378754": "https://www.googleapis.com/auth/monitoring",
                            "node_config.0.oauth_scopes.1632638332": "https://www.googleapis.com/auth/devstorage.read_only",
                            "node_config.0.oauth_scopes.172152165": "https://www.googleapis.com/auth/logging.write",
                            "node_config.0.oauth_scopes.316356861": "https://www.googleapis.com/auth/service.management.readonly",
                            "node_config.0.oauth_scopes.3663490875": "https://www.googleapis.com/auth/servicecontrol",
                            "node_config.0.oauth_scopes.3859019814": "https://www.googleapis.com/auth/trace.append",
                            "node_config.0.preemptible": "false",
                            "node_config.0.service_account": "default",
                            "node_config.0.tags.#": "0",
                            "node_config.0.taint.#": "0",
                            "node_config.0.workload_metadata_config.#": "0",
                            "node_pool.#": "1",
                            "node_pool.0.autoscaling.#": "0",
                            "node_pool.0.initial_node_count": "3",
                            "node_pool.0.instance_group_urls.#": "1",
                            "node_pool.0.instance_group_urls.0": "https://www.googleapis.com/compute/v1/projects/talk-uniso-02/zones/us-central1-a/instanceGroupManagers/gke-gke-tf-bdf2d163627f-default-pool-030e0d5c-grp",
                            "node_pool.0.management.#": "1",
                            "node_pool.0.management.0.auto_repair": "false",
                            "node_pool.0.management.0.auto_upgrade": "false",
                            "node_pool.0.max_pods_per_node": "0",
                            "node_pool.0.name": "default-pool",
                            "node_pool.0.name_prefix": "",
                            "node_pool.0.node_config.#": "1",
                            "node_pool.0.node_config.0.disk_size_gb": "100",
                            "node_pool.0.node_config.0.disk_type": "pd-standard",
                            "node_pool.0.node_config.0.guest_accelerator.#": "0",
                            "node_pool.0.node_config.0.image_type": "COS",
                            "node_pool.0.node_config.0.labels.%": "0",
                            "node_pool.0.node_config.0.local_ssd_count": "0",
                            "node_pool.0.node_config.0.machine_type": "n1-standard-1",
                            "node_pool.0.node_config.0.metadata.%": "0",
                            "node_pool.0.node_config.0.min_cpu_platform": "",
                            "node_pool.0.node_config.0.oauth_scopes.#": "6",
                            "node_pool.0.node_config.0.oauth_scopes.1277378754": "https://www.googleapis.com/auth/monitoring",
                            "node_pool.0.node_config.0.oauth_scopes.1632638332": "https://www.googleapis.com/auth/devstorage.read_only",
                            "node_pool.0.node_config.0.oauth_scopes.172152165": "https://www.googleapis.com/auth/logging.write",
                            "node_pool.0.node_config.0.oauth_scopes.316356861": "https://www.googleapis.com/auth/service.management.readonly",
                            "node_pool.0.node_config.0.oauth_scopes.3663490875": "https://www.googleapis.com/auth/servicecontrol",
                            "node_pool.0.node_config.0.oauth_scopes.3859019814": "https://www.googleapis.com/auth/trace.append",
                            "node_pool.0.node_config.0.preemptible": "false",
                            "node_pool.0.node_config.0.service_account": "default",
                            "node_pool.0.node_config.0.tags.#": "0",
                            "node_pool.0.node_config.0.taint.#": "0",
                            "node_pool.0.node_config.0.workload_metadata_config.#": "0",
                            "node_pool.0.node_count": "3",
                            "node_pool.0.version": "1.9.7-gke.11",
                            "node_version": "1.9.7-gke.11",
                            "pod_security_policy_config.#": "0",
                            "private_cluster": "false",
                            "project": "talk-uniso-02",
                            "resource_labels.%": "0",
                            "subnetwork": "projects/talk-uniso-02/regions/us-central1/subnetworks/default",
                            "zone": "us-central1-a"
                        },
                        "meta": {
                            "e2bfb730-ecaa-11e6-8f88-34363bc7c4c0": {
                                "create": 1800000000000,
                                "delete": 1800000000000,
                                "update": 600000000000
                            },
                            "schema_version": "1"
                        },
                        "tainted": false
                    },
                    "deposed": [],
                    "provider": "provider.google"
                },
                "random_id.instance_id": {
                    "type": "random_id",
                    "depends_on": [],
                    "primary": {
                        "id": "vfLRY2J_",
                        "attributes": {
                            "b64": "vfLRY2J_",
                            "b64_std": "vfLRY2J/",
                            "b64_url": "vfLRY2J_",
                            "byte_length": "6",
                            "dec": "208850592686719",
                            "hex": "bdf2d163627f",
                            "id": "vfLRY2J_"
                        },
                        "meta": {},
                        "tainted": false
                    },
                    "deposed": [],
                    "provider": "provider.random"
                }
            },
            "depends_on": []
        }
    ]
}
