{
    "version": 3,
    "terraform_version": "0.11.10",
    "serial": 8,
    "lineage": "c3773ba5-a1d6-970e-2b84-01b00fc441cc",
    "modules": [
        {
            "path": [
                "root"
            ],
            "outputs": {
                "ip": {
                    "sensitive": false,
                    "type": "string",
                    "value": "35.225.241.170"
                }
            },
            "resources": {
                "google_compute_firewall.http-server": {
                    "type": "google_compute_firewall",
                    "depends_on": [],
                    "primary": {
                        "id": "default-allow-http",
                        "attributes": {
                            "allow.#": "1",
                            "allow.272637744.ports.#": "1",
                            "allow.272637744.ports.0": "80",
                            "allow.272637744.protocol": "tcp",
                            "creation_timestamp": "2018-12-06T18:35:30.398-08:00",
                            "deny.#": "0",
                            "description": "",
                            "destination_ranges.#": "0",
                            "direction": "INGRESS",
                            "disabled": "false",
                            "enable_logging": "false",
                            "id": "default-allow-http",
                            "name": "default-allow-http",
                            "network": "https://www.googleapis.com/compute/v1/projects/talk-uniso-02/global/networks/default",
                            "priority": "1000",
                            "project": "talk-uniso-02",
                            "self_link": "https://www.googleapis.com/compute/v1/projects/talk-uniso-02/global/firewalls/default-allow-http",
                            "source_ranges.#": "1",
                            "source_ranges.1080289494": "0.0.0.0/0",
                            "source_service_accounts.#": "0",
                            "source_tags.#": "0",
                            "target_service_accounts.#": "0",
                            "target_tags.#": "1",
                            "target_tags.988335155": "http-server"
                        },
                        "meta": {
                            "e2bfb730-ecaa-11e6-8f88-34363bc7c4c0": {
                                "create": 240000000000,
                                "delete": 240000000000,
                                "update": 240000000000
                            },
                            "schema_version": "1"
                        },
                        "tainted": false
                    },
                    "deposed": [],
                    "provider": "provider.google"
                },
                "google_compute_instance.default": {
                    "type": "google_compute_instance",
                    "depends_on": [
                        "random_id.instance_id"
                    ],
                    "primary": {
                        "id": "vm-tf-d1ff11fee58d",
                        "attributes": {
                            "attached_disk.#": "0",
                            "boot_disk.#": "1",
                            "boot_disk.0.auto_delete": "true",
                            "boot_disk.0.device_name": "persistent-disk-0",
                            "boot_disk.0.disk_encryption_key_raw": "",
                            "boot_disk.0.disk_encryption_key_sha256": "",
                            "boot_disk.0.initialize_params.#": "1",
                            "boot_disk.0.initialize_params.0.image": "https://www.googleapis.com/compute/v1/projects/debian-cloud/global/images/debian-9-stretch-v20181113",
                            "boot_disk.0.initialize_params.0.size": "10",
                            "boot_disk.0.initialize_params.0.type": "pd-standard",
                            "boot_disk.0.source": "https://www.googleapis.com/compute/v1/projects/talk-uniso-02/zones/us-central1-a/disks/vm-tf-d1ff11fee58d",
                            "can_ip_forward": "false",
                            "cpu_platform": "Intel Sandy Bridge",
                            "create_timeout": "4",
                            "deletion_protection": "false",
                            "guest_accelerator.#": "0",
                            "id": "vm-tf-d1ff11fee58d",
                            "instance_id": "8250313559953924764",
                            "label_fingerprint": "42WmSpB8rSM=",
                            "labels.%": "0",
                            "machine_type": "f1-micro",
                            "metadata.%": "0",
                            "metadata_fingerprint": "tFgP1U3Z1v4=",
                            "metadata_startup_script": "sudo apt-get update \u0026\u0026 sudo apt-get install apache2 -y \u0026\u0026 echo '\u003c!doctype html\u003e\u003chtml\u003e\u003cbody\u003e\u003ch1\u003eHello from Terraform on Google Cloud!\u003c/h1\u003e\u003c/body\u003e\u003c/html\u003e' | sudo tee /var/www/html/index.html",
                            "min_cpu_platform": "",
                            "name": "vm-tf-d1ff11fee58d",
                            "network_interface.#": "1",
                            "network_interface.0.access_config.#": "1",
                            "network_interface.0.access_config.0.assigned_nat_ip": "35.225.241.170",
                            "network_interface.0.access_config.0.nat_ip": "35.225.241.170",
                            "network_interface.0.access_config.0.network_tier": "PREMIUM",
                            "network_interface.0.access_config.0.public_ptr_domain_name": "",
                            "network_interface.0.address": "10.128.0.5",
                            "network_interface.0.alias_ip_range.#": "0",
                            "network_interface.0.name": "nic0",
                            "network_interface.0.network": "https://www.googleapis.com/compute/v1/projects/talk-uniso-02/global/networks/default",
                            "network_interface.0.network_ip": "10.128.0.5",
                            "network_interface.0.subnetwork": "https://www.googleapis.com/compute/v1/projects/talk-uniso-02/regions/us-central1/subnetworks/default",
                            "network_interface.0.subnetwork_project": "talk-uniso-02",
                            "project": "talk-uniso-02",
                            "scheduling.#": "1",
                            "scheduling.0.automatic_restart": "false",
                            "scheduling.0.on_host_maintenance": "MIGRATE",
                            "scheduling.0.preemptible": "false",
                            "scratch_disk.#": "0",
                            "self_link": "https://www.googleapis.com/compute/v1/projects/talk-uniso-02/zones/us-central1-a/instances/vm-tf-d1ff11fee58d",
                            "service_account.#": "0",
                            "tags.#": "1",
                            "tags.988335155": "http-server",
                            "tags_fingerprint": "FYLDgkTKlA4=",
                            "zone": "us-central1-a"
                        },
                        "meta": {
                            "e2bfb730-ecaa-11e6-8f88-34363bc7c4c0": {
                                "create": 360000000000,
                                "delete": 360000000000,
                                "update": 360000000000
                            },
                            "schema_version": "6"
                        },
                        "tainted": false
                    },
                    "deposed": [],
                    "provider": "provider.google"
                },
                "google_container_cluster.primary": {
                    "type": "google_container_cluster",
                    "depends_on": [
                        "random_id.instance_id"
                    ],
                    "primary": {
                        "id": "gke-tf-d1ff11fee58d",
                        "attributes": {
                            "additional_zones.#": "0",
                            "addons_config.#": "1",
                            "addons_config.0.horizontal_pod_autoscaling.#": "1",
                            "addons_config.0.horizontal_pod_autoscaling.0.disabled": "true",
                            "addons_config.0.http_load_balancing.#": "1",
                            "addons_config.0.http_load_balancing.0.disabled": "true",
                            "addons_config.0.kubernetes_dashboard.#": "0",
                            "addons_config.0.network_policy_config.#": "1",
                            "addons_config.0.network_policy_config.0.disabled": "true",
                            "cluster_ipv4_cidr": "10.20.0.0/14",
                            "description": "",
                            "enable_binary_authorization": "false",
                            "enable_kubernetes_alpha": "false",
                            "enable_legacy_abac": "false",
                            "enable_tpu": "false",
                            "endpoint": "35.193.46.54",
                            "id": "gke-tf-d1ff11fee58d",
                            "initial_node_count": "3",
                            "instance_group_urls.#": "1",
                            "instance_group_urls.0": "https://www.googleapis.com/compute/v1/projects/talk-uniso-02/zones/us-central1-a/instanceGroups/gke-gke-tf-d1ff11fee58d-default-pool-10f87692-grp",
                            "ip_allocation_policy.#": "0",
                            "logging_service": "logging.googleapis.com",
                            "maintenance_policy.#": "0",
                            "master_auth.#": "1",
                            "master_auth.0.client_certificate": "LS0tLS1CRUdJTiBDRVJUSUZJQ0FURS0tLS0tCk1JSUMyakNDQWNLZ0F3SUJBZ0lRYVIvN2tVVE5IZ0EyTnhBZS9mVDc3REFOQmdrcWhraUc5dzBCQVFzRkFEQXYKTVMwd0t3WURWUVFERXlRNVpqWXhNVEE0TXkwNU1tUTVMVFF5WlRJdE9EVXlZaTFqTW1Oak5XUXhNalppTlRZdwpIaGNOTVRneE1qQTNNREl6TlRNeFdoY05Nak14TWpBMk1ESXpOVE14V2pBUk1ROHdEUVlEVlFRREV3WmpiR2xsCmJuUXdnZ0VpTUEwR0NTcUdTSWIzRFFFQkFRVUFBNElCRHdBd2dnRUtBb0lCQVFDUVIwdzAyalltZ0wwRmE4dFQKbVhmQ3F0MStaTjhMRTlLcWIyYy9xVGhMQzBrOGt6MUIwTXY2YlVrTURyNTRIMHZYdU5Ea2kzTWRhbGNobmFxTgpweHQwVzcrR014UENPZHBScUpIQktqem9maWtOMlFOR2VUK1g4b3BxZFhiYmh2OHVGWXRmWnQrWUNORk9iUHdxClVjUExGN3JBMUtjQjBLQkU0emlvaEM0SURZYldzNldiSGFHa0JDT21RdUhMZlI3cGZ0YWlaZnlNek5uazdEZTIKdWZxQTRzKzhUc29FelR1SCs5NG5FOVlseUE5QjFxUklxcUdueGtCRGJzWUhyK0J2QUt2dmd5LzkyZVJIV3dFZwpIUi9DTnRDc1d3L1h4VW92d3FXTUZCd0pRMU1FdDAyV2NGUTMxNjFFOS9hZmI4VGJNc3cxVXNHZjlHcm5rNklYClRMQVBBZ01CQUFHakVEQU9NQXdHQTFVZEV3RUIvd1FDTUFBd0RRWUpLb1pJaHZjTkFRRUxCUUFEZ2dFQkFFRFIKNlFSa2JyaURFYWFzYmwrL3VBdGlHdFZGbUpVeXNaQTNTVXNTaUlJU2ltRHVYTUNEWDlMc09sRHZnaFk5cjFyMApYdWx5bWRWWXgrSURZREFWRWtveldINjh5dCt5U0M0bzFYaTZKQjhrOVJNRjV6akQ0VW1LNnB1RUNCdG5RNHFjCmRQWmtRbS9Uc0szcGJhRUYzQXl4ZzBxWWcyVUs1Q0tZWUFzaVdFa0tlcXl3Y28vcjJYeHlULzFtS3cyTVRDZlAKTFdqcDNkTFZmcmMzYkdPdUZTVlJnTGZJeGtjendPTlVYUnN4N3FWM0FHakdJYW1pMnNEaXBLdm5lMVJUdERHMwpsWmc3dkhQdldkaWQ4cTEySGpzUnZKcGlteEwvNTRGKytLUEtyQTllR0ZLWTExNTllbzBxSStFRXB0UXM4UUcyCnNnK1hiUUxiY1dHbGZPYk1DbG89Ci0tLS0tRU5EIENFUlRJRklDQVRFLS0tLS0K",
                            "master_auth.0.client_certificate_config.#": "0",
                            "master_auth.0.client_key": "LS0tLS1CRUdJTiBSU0EgUFJJVkFURSBLRVktLS0tLQpNSUlFcEFJQkFBS0NBUUVBa0VkTU5ObzJKb0M5Qld2TFU1bDN3cXJkZm1UZkN4UFNxbTluUDZrNFN3dEpQSk05ClFkREwrbTFKREE2K2VCOUwxN2pRNUl0ekhXcFhJWjJxamFjYmRGdS9oak1Ud2puYVVhaVJ3U284Nkg0cERka0QKUm5rL2wvS0thblYyMjRiL0xoV0xYMmJmbUFqUlRtejhLbEhEeXhlNndOU25BZENnUk9NNHFJUXVDQTJHMXJPbApteDJocEFRanBrTGh5MzBlNlg3V29tWDhqTXpaNU93M3RybjZnT0xQdkU3S0JNMDdoL3ZlSnhQV0pjZ1BRZGFrClNLcWhwOFpBUTI3R0I2L2did0NyNzRNdi9kbmtSMXNCSUIwZndqYlFyRnNQMThWS0w4S2xqQlFjQ1VOVEJMZE4KbG5CVU45ZXRSUGYybjIvRTJ6TE1OVkxCbi9ScTU1T2lGMHl3RHdJREFRQUJBb0lCQUNyUkRkdU5lbzU0bkIvVQp1cFdIc05QVGswSGtPNUQxQkFyU1hzaTB0bUVHNjJnUHBoazNGcUd0OXdTZUI0WnNleng4dTNsbnJQVG96d3pKCjFvaU5OQWVYQnNLVHUrUmkrTmhNOTF4azVZaDFrRWRzeEowUWRIL3FXWXQ0YXBxQmVJODdrNDN2WUtHazFFQzYKOVNhMTl5MzVUOUhVQ2UvdTh2RWVvWHpaSlRQOEpaclRSMG1MbUswcTM3THZ2UlkwUUxDclh5WXcwZERxNG9EdQp2S21TSE5VTHZCNm1ydDJQQjRkUHY0dE1uOFZ6bzQvNlQzaGVDWkM3MFhUSjB3WU44L254ZkN2cmZjT0tYYzRQCmRGZit3VW5Jdk8yZmVuUWVwSE5lUERDcDhaaGlTOHVCbXB4NHdzeVAyL1NzUkFlOG5HSnRqd0l3R25YMUovRzIKTnRvMXc1RUNnWUVBd1N2YzE0UVZEbkJCZlgwVEJCcEtRa1RCMExiRXZkSVh5UG8rZlRTN0VmUmprZytkNkdragoyM1VxYlBnVCtVYnNZSCtQR1hRQldNL1JXa0JuVktTSngzWUhKOUJ5TWFHOE04ZGlPTWJRM01UVnVjWngyQ0t2CmFoOFd4ZExJd3MvUjlmakRTQmRkZlEyNmRKSHlRTm9aUWU1VFFiaTNNdVhSZE1RYStaeENtU2NDZ1lFQXZ6UngKV0pPS1ZFMFQrRFRBVEpuc05NN09LY3RiQWxlM0Q2Nk1ick05ZHc3NzRDemlaOHhDYW9ISjQ0QWEraFBSdElkNApjdUVEcVBrcE1PendRTG9Gd2EzcVQ4N0hYYkpEZ0VydnA5VEoxRlpza2pBTS9oenNsdmtQejNnak5sYlBZYncxCmNDMnlnMFphUEpORmFHMWRGMVZiNGZGT1dhUXpFdWFRMUppZTh0a0NnWUVBa21adzBERjlWOTBCOVY1R2ZEU0UKbFNiUkVTS0RoeTFqODJDYzNYMktUYmcvZ21JdGxnZWhNbURoRDRjUWREc3BTSlZFV2RFT2VFWEFiN3NoMVFlQwptRlcrWkpGWkNuNStTV3ZSNkIvZUNZTndTNFMzb1V2Z1QvaFI1UW0wTjlrVFVtei9hM0t4MnVYOXF2MDFjYXNaCnUxc3BaRVRmSzBiNzhKZnpyYnVjeWI4Q2dZRUF1a2UwZWZCY0gxOXNxaTl5ZmU2ajhwcmN2bGt4bEdteW5xT1cKaTY4eW5kREtVWkJKRDRrdjE2WVU5QUQxeDFnUndZa09MeFhMeEE3ak01aFRSU3cydVlmZnROc20zc0R6QklWOQpVUXg5aWRLZE9odDRQUVllOWNNMnhSRXRkUjVFTXRyelVSUWtTOEw1M1BRNTlkQStscUlCdjNHaHZMRzlWSmV1CjJJRE1zcGtDZ1lCeTAyNkJoTFZ0N3BxVmpidVY5UkY4WnpoYTJNNWUrUUxuQWVLMG1mRTh5bTVrN1RYMEs4ZGcKUDY4dkh5bzJYZ0JuMXlOY3k5Y2NMdGd5RjUxWnpKcjBuUVBWZjNtZkxad3MwTEc0VG5mUEVFWHNGNksvQnE3MApRSDl4V24waTJMd1RBazdXUlhJZ29JS01GVHpyZFNRcnNUeFpxRkkxdDJnbk0yM0MycFJGK2c9PQotLS0tLUVORCBSU0EgUFJJVkFURSBLRVktLS0tLQo=",
                            "master_auth.0.cluster_ca_certificate": "LS0tLS1CRUdJTiBDRVJUSUZJQ0FURS0tLS0tCk1JSURDekNDQWZPZ0F3SUJBZ0lRTXh5K3YvSmJpeHhHVStkMjFPem1EREFOQmdrcWhraUc5dzBCQVFzRkFEQXYKTVMwd0t3WURWUVFERXlRNVpqWXhNVEE0TXkwNU1tUTVMVFF5WlRJdE9EVXlZaTFqTW1Oak5XUXhNalppTlRZdwpIaGNOTVRneE1qQTNNREV6TlRNd1doY05Nak14TWpBMk1ESXpOVE13V2pBdk1TMHdLd1lEVlFRREV5UTVaall4Ck1UQTRNeTA1TW1RNUxUUXlaVEl0T0RVeVlpMWpNbU5qTldReE1qWmlOVFl3Z2dFaU1BMEdDU3FHU0liM0RRRUIKQVFVQUE0SUJEd0F3Z2dFS0FvSUJBUUNXbVpHMnRVSGVuM3lkMDZCYTNNOC9mMzdWckduSjZVUENZdmFSTjF5UgpPM0xZRzlVUUJKM1YyOGp2dVF2U044Y1VKNmdTaHorZUpVSU5CRGxUUFhBT3orWWl6ejMvbTgxTFFUUjhUcGV2CldQYXUyWEkzenBpbFpwck9oY2E0cU1sMzRuVC9FU01zRG1kRXl6eVVXamRSSXQ5bmVCOFlxR1VMVGlXbUF5aysKVVVWK1hvOUlBS3pobUgyRTFpWlNuTi9yN25XdWRINGV6dkczSEFmVFFRejBLdzVvYi9oVHJlNkRJdEY0WUs2cAp2djVFMTZIb3BScVBST2J4dDZiRFg3Y0ErK092bTgrMVhqUnJkanQreHVQMG5xV29nTXJXQUFQWElKbDluK21xClVpeHpMVDNBbEVVUjhCTjJsK0dtcjVySmN6WkRYUzd1ZExvdG9QQ243bU9OQWdNQkFBR2pJekFoTUE0R0ExVWQKRHdFQi93UUVBd0lDQkRBUEJnTlZIUk1CQWY4RUJUQURBUUgvTUEwR0NTcUdTSWIzRFFFQkN3VUFBNElCQVFCSgpWMjd5NnE0ZkZyaGlxdHcwNUp4M3FYMjE4UHVwTHRSb2RsbCtjTE51NFdNQUp2V2xHTVVjcUc2TVRUcUpOSnZpCjZTZnlWY1pOdkt6WVdxVUpvM20yRGtQZHVBLys4ZDZWa1N0ZStxbnJqY0YvWDl3dmFTVDM4M1pQVGtXYzFGbmIKOUhtaE5MVks3U01RaVdjY3VGdXRqMFlyZENjRXF6L2NYbXA2Rnh3VnlvNXdXUXpvMTlnVlhuOWJITUd1cTVrSgpRNWdRbEVzb1BpTWRxY1FoSU11WFpuTDRuc3lFeHAzeUduOG9mOFlDcHA4WTFoUXc2cVRqL1ZlbHc4RVZIM0x2CjdkT0FiQXZKMWphMDUrdDJtU3pCamJ4bFpHZ0x2MDZmR3VMWkEwMjZYaHJyV2NLRFJwOFA2dk9NcGY2dW5abU0KcHNwOGpqVGRsNUFIWC9hUmZEQmEKLS0tLS1FTkQgQ0VSVElGSUNBVEUtLS0tLQo=",
                            "master_auth.0.password": "XC2XpR6jjpaq2wv7",
                            "master_auth.0.username": "admin",
                            "master_authorized_networks_config.#": "0",
                            "master_ipv4_cidr_block": "",
                            "master_version": "1.9.7-gke.11",
                            "monitoring_service": "monitoring.googleapis.com",
                            "name": "gke-tf-d1ff11fee58d",
                            "network": "projects/talk-uniso-02/global/networks/default",
                            "network_policy.#": "1",
                            "network_policy.0.enabled": "false",
                            "network_policy.0.provider": "PROVIDER_UNSPECIFIED",
                            "node_config.#": "1",
                            "node_config.0.disk_size_gb": "100",
                            "node_config.0.disk_type": "pd-standard",
                            "node_config.0.guest_accelerator.#": "0",
                            "node_config.0.image_type": "COS",
                            "node_config.0.labels.%": "0",
                            "node_config.0.local_ssd_count": "0",
                            "node_config.0.machine_type": "n1-standard-1",
                            "node_config.0.metadata.%": "0",
                            "node_config.0.min_cpu_platform": "",
                            "node_config.0.oauth_scopes.#": "6",
                            "node_config.0.oauth_scopes.1277378754": "https://www.googleapis.com/auth/monitoring",
                            "node_config.0.oauth_scopes.1632638332": "https://www.googleapis.com/auth/devstorage.read_only",
                            "node_config.0.oauth_scopes.172152165": "https://www.googleapis.com/auth/logging.write",
                            "node_config.0.oauth_scopes.316356861": "https://www.googleapis.com/auth/service.management.readonly",
                            "node_config.0.oauth_scopes.3663490875": "https://www.googleapis.com/auth/servicecontrol",
                            "node_config.0.oauth_scopes.3859019814": "https://www.googleapis.com/auth/trace.append",
                            "node_config.0.preemptible": "false",
                            "node_config.0.service_account": "default",
                            "node_config.0.tags.#": "0",
                            "node_config.0.taint.#": "0",
                            "node_config.0.workload_metadata_config.#": "0",
                            "node_pool.#": "1",
                            "node_pool.0.autoscaling.#": "0",
                            "node_pool.0.initial_node_count": "3",
                            "node_pool.0.instance_group_urls.#": "1",
                            "node_pool.0.instance_group_urls.0": "https://www.googleapis.com/compute/v1/projects/talk-uniso-02/zones/us-central1-a/instanceGroupManagers/gke-gke-tf-d1ff11fee58d-default-pool-10f87692-grp",
                            "node_pool.0.management.#": "1",
                            "node_pool.0.management.0.auto_repair": "false",
                            "node_pool.0.management.0.auto_upgrade": "false",
                            "node_pool.0.max_pods_per_node": "0",
                            "node_pool.0.name": "default-pool",
                            "node_pool.0.name_prefix": "",
                            "node_pool.0.node_config.#": "1",
                            "node_pool.0.node_config.0.disk_size_gb": "100",
                            "node_pool.0.node_config.0.disk_type": "pd-standard",
                            "node_pool.0.node_config.0.guest_accelerator.#": "0",
                            "node_pool.0.node_config.0.image_type": "COS",
                            "node_pool.0.node_config.0.labels.%": "0",
                            "node_pool.0.node_config.0.local_ssd_count": "0",
                            "node_pool.0.node_config.0.machine_type": "n1-standard-1",
                            "node_pool.0.node_config.0.metadata.%": "0",
                            "node_pool.0.node_config.0.min_cpu_platform": "",
                            "node_pool.0.node_config.0.oauth_scopes.#": "6",
                            "node_pool.0.node_config.0.oauth_scopes.1277378754": "https://www.googleapis.com/auth/monitoring",
                            "node_pool.0.node_config.0.oauth_scopes.1632638332": "https://www.googleapis.com/auth/devstorage.read_only",
                            "node_pool.0.node_config.0.oauth_scopes.172152165": "https://www.googleapis.com/auth/logging.write",
                            "node_pool.0.node_config.0.oauth_scopes.316356861": "https://www.googleapis.com/auth/service.management.readonly",
                            "node_pool.0.node_config.0.oauth_scopes.3663490875": "https://www.googleapis.com/auth/servicecontrol",
                            "node_pool.0.node_config.0.oauth_scopes.3859019814": "https://www.googleapis.com/auth/trace.append",
                            "node_pool.0.node_config.0.preemptible": "false",
                            "node_pool.0.node_config.0.service_account": "default",
                            "node_pool.0.node_config.0.tags.#": "0",
                            "node_pool.0.node_config.0.taint.#": "0",
                            "node_pool.0.node_config.0.workload_metadata_config.#": "0",
                            "node_pool.0.node_count": "3",
                            "node_pool.0.version": "1.9.7-gke.11",
                            "node_version": "1.9.7-gke.11",
                            "pod_security_policy_config.#": "0",
                            "private_cluster": "false",
                            "project": "talk-uniso-02",
                            "resource_labels.%": "0",
                            "subnetwork": "projects/talk-uniso-02/regions/us-central1/subnetworks/default",
                            "zone": "us-central1-a"
                        },
                        "meta": {
                            "e2bfb730-ecaa-11e6-8f88-34363bc7c4c0": {
                                "create": 1800000000000,
                                "delete": 1800000000000,
                                "update": 600000000000
                            },
                            "schema_version": "1"
                        },
                        "tainted": false
                    },
                    "deposed": [],
                    "provider": "provider.google"
                },
                "random_id.instance_id": {
                    "type": "random_id",
                    "depends_on": [],
                    "primary": {
                        "id": "0f8R_uWN",
                        "attributes": {
                            "b64": "0f8R_uWN",
                            "b64_std": "0f8R/uWN",
                            "b64_url": "0f8R_uWN",
                            "byte_length": "6",
                            "dec": "230893448783245",
                            "hex": "d1ff11fee58d",
                            "id": "0f8R_uWN"
                        },
                        "meta": {},
                        "tainted": false
                    },
                    "deposed": [],
                    "provider": "provider.random"
                }
            },
            "depends_on": []
        }
    ]
}
